
Microsoft Visual Studio Solution File, Format Version 11.00
# Visual Basic Express 2010
Project("{F184B08F-C81C-45F6-A57F-5ABD9991F28F}") = "App5", "App5\App5.vbproj", "{235EDFE7-F77B-406C-8636-EFDAC74932D0}"
EndProject
Global
	GlobalSection(SolutionConfigurationPlatforms) = preSolution
		Debug|x86 = Debug|x86
		Release|x86 = Release|x86
	EndGlobalSection
	GlobalSection(ProjectConfigurationPlatforms) = postSolution
		{235EDFE7-F77B-406C-8636-EFDAC74932D0}.Debug|x86.ActiveCfg = Debug|x86
		{235EDFE7-F77B-406C-8636-EFDAC74932D0}.Debug|x86.Build.0 = Debug|x86
		{235EDFE7-F77B-406C-8636-EFDAC74932D0}.Release|x86.ActiveCfg = Release|x86
		{235EDFE7-F77B-406C-8636-EFDAC74932D0}.Release|x86.Build.0 = Release|x86
	EndGlobalSection
	GlobalSection(SolutionProperties) = preSolution
		HideSolutionNode = FALSE
	EndGlobalSection
EndGlobal
