
Microsoft Visual Studio Solution File, Format Version 11.00
# Visual Basic Express 2010
Project("{F184B08F-C81C-45F6-A57F-5ABD9991F28F}") = "App3", "App3\App3.vbproj", "{32B5BE78-AE9F-49DD-B48E-9AA1240D9EA5}"
EndProject
Global
	GlobalSection(SolutionConfigurationPlatforms) = preSolution
		Debug|x86 = Debug|x86
		Release|x86 = Release|x86
	EndGlobalSection
	GlobalSection(ProjectConfigurationPlatforms) = postSolution
		{32B5BE78-AE9F-49DD-B48E-9AA1240D9EA5}.Debug|x86.ActiveCfg = Debug|x86
		{32B5BE78-AE9F-49DD-B48E-9AA1240D9EA5}.Debug|x86.Build.0 = Debug|x86
		{32B5BE78-AE9F-49DD-B48E-9AA1240D9EA5}.Release|x86.ActiveCfg = Release|x86
		{32B5BE78-AE9F-49DD-B48E-9AA1240D9EA5}.Release|x86.Build.0 = Release|x86
	EndGlobalSection
	GlobalSection(SolutionProperties) = preSolution
		HideSolutionNode = FALSE
	EndGlobalSection
EndGlobal
