
Microsoft Visual Studio Solution File, Format Version 11.00
# Visual Basic Express 2010
Project("{F184B08F-C81C-45F6-A57F-5ABD9991F28F}") = "Midterm2", "Midterm2\Midterm2.vbproj", "{B35B5A52-7ECC-45A9-A5A1-E47FACBE318B}"
EndProject
Global
	GlobalSection(SolutionConfigurationPlatforms) = preSolution
		Debug|x86 = Debug|x86
		Release|x86 = Release|x86
	EndGlobalSection
	GlobalSection(ProjectConfigurationPlatforms) = postSolution
		{B35B5A52-7ECC-45A9-A5A1-E47FACBE318B}.Debug|x86.ActiveCfg = Debug|x86
		{B35B5A52-7ECC-45A9-A5A1-E47FACBE318B}.Debug|x86.Build.0 = Debug|x86
		{B35B5A52-7ECC-45A9-A5A1-E47FACBE318B}.Release|x86.ActiveCfg = Release|x86
		{B35B5A52-7ECC-45A9-A5A1-E47FACBE318B}.Release|x86.Build.0 = Release|x86
	EndGlobalSection
	GlobalSection(SolutionProperties) = preSolution
		HideSolutionNode = FALSE
	EndGlobalSection
EndGlobal
