
Microsoft Visual Studio Solution File, Format Version 11.00
# Visual Basic Express 2010
Project("{F184B08F-C81C-45F6-A57F-5ABD9991F28F}") = "midterm4", "midterm4\midterm4.vbproj", "{32045863-01FE-4D8C-9A7C-4084E26E5FE0}"
EndProject
Global
	GlobalSection(SolutionConfigurationPlatforms) = preSolution
		Debug|x86 = Debug|x86
		Release|x86 = Release|x86
	EndGlobalSection
	GlobalSection(ProjectConfigurationPlatforms) = postSolution
		{32045863-01FE-4D8C-9A7C-4084E26E5FE0}.Debug|x86.ActiveCfg = Debug|x86
		{32045863-01FE-4D8C-9A7C-4084E26E5FE0}.Debug|x86.Build.0 = Debug|x86
		{32045863-01FE-4D8C-9A7C-4084E26E5FE0}.Release|x86.ActiveCfg = Release|x86
		{32045863-01FE-4D8C-9A7C-4084E26E5FE0}.Release|x86.Build.0 = Release|x86
	EndGlobalSection
	GlobalSection(SolutionProperties) = preSolution
		HideSolutionNode = FALSE
	EndGlobalSection
EndGlobal
